<Solution>
  <Folder Name="/src/">
    <Project Path="src/TreeEditor.Api/TreeEditor.Api.csproj" />
    <Project Path="src/TreeEditor.Application/TreeEditor.Application.csproj" />
    <Project Path="src/TreeEditor.Domain/TreeEditor.Domain.csproj" />
    <Project Path="src/TreeEditor.Infrastructure/TreeEditor.Infrastructure.csproj" />
  </Folder>
  <Folder Name="/tests/">
    <Project Path="tests/TreeEditor.IntegrationTests/TreeEditor.IntegrationTests.csproj" />
  </Folder>
</Solution>
